
Microsoft Visual Studio Solution File, Format Version 12.00
# Visual Studio Version 17
VisualStudioVersion = 17.7.34024.191
MinimumVisualStudioVersion = 10.0.40219.1
Project("{FAE04EC0-301F-11D3-BF4B-00C04F79EFBC}") = "ConversaTranslationJS", "ConversaTranslationJS.csproj", "{0B806D1A-77C1-479B-95BB-FB9DB7DAF120}"
EndProject
Global
	GlobalSection(SolutionConfigurationPlatforms) = preSolution
		Debug|Any CPU = Debug|Any CPU
		Release|Any CPU = Release|Any CPU
	EndGlobalSection
	GlobalSection(ProjectConfigurationPlatforms) = postSolution
		{0B806D1A-77C1-479B-95BB-FB9DB7DAF120}.Debug|Any CPU.ActiveCfg = Debug|Any CPU
		{0B806D1A-77C1-479B-95BB-FB9DB7DAF120}.Debug|Any CPU.Build.0 = Debug|Any CPU
		{0B806D1A-77C1-479B-95BB-FB9DB7DAF120}.Release|Any CPU.ActiveCfg = Release|Any CPU
		{0B806D1A-77C1-479B-95BB-FB9DB7DAF120}.Release|Any CPU.Build.0 = Release|Any CPU
	EndGlobalSection
	GlobalSection(SolutionProperties) = preSolution
		HideSolutionNode = FALSE
	EndGlobalSection
	GlobalSection(ExtensibilityGlobals) = postSolution
		SolutionGuid = {FD993F2C-A3A0-4A9F-B8EF-0FED42038CDF}
	EndGlobalSection
EndGlobal
